<Solution>
  <Folder Name="/Solution Items/">
    <File Path=".editorconfig" />
    <File Path=".github/workflows/main.yml" />
    <File Path=".gitignore" />
    <File Path="global.json" />
    <File Path="Readme.md" />
  </Folder>
  <Folder Name="/src/">
    <Project Path="src/ResponseCrafter/ResponseCrafter.csproj" />
  </Folder>
  <Folder Name="/test/">
    <Project Path="test/ResponseCrafter.Demo/ResponseCrafter.Demo.csproj" />
  </Folder>
</Solution>
